
Microsoft Visual Studio Solution File, Format Version 12.00
# Visual Studio Version 17
VisualStudioVersion = 17.6.33829.357
MinimumVisualStudioVersion = 10.0.40219.1
Project("{FAE04EC0-301F-11D3-BF4B-00C04F79EFBC}") = "Interactive Password Generator", "Interactive Password Generator\Interactive Password Generator.csproj", "{8DC4E23E-4010-4285-96DB-80A65F4F029D}"
EndProject
Global
	GlobalSection(SolutionConfigurationPlatforms) = preSolution
		Debug|Any CPU = Debug|Any CPU
		Release|Any CPU = Release|Any CPU
	EndGlobalSection
	GlobalSection(ProjectConfigurationPlatforms) = postSolution
		{8DC4E23E-4010-4285-96DB-80A65F4F029D}.Debug|Any CPU.ActiveCfg = Debug|Any CPU
		{8DC4E23E-4010-4285-96DB-80A65F4F029D}.Debug|Any CPU.Build.0 = Debug|Any CPU
		{8DC4E23E-4010-4285-96DB-80A65F4F029D}.Release|Any CPU.ActiveCfg = Release|Any CPU
		{8DC4E23E-4010-4285-96DB-80A65F4F029D}.Release|Any CPU.Build.0 = Release|Any CPU
	EndGlobalSection
	GlobalSection(SolutionProperties) = preSolution
		HideSolutionNode = FALSE
	EndGlobalSection
	GlobalSection(ExtensibilityGlobals) = postSolution
		SolutionGuid = {B2BEB6E3-9611-4C2B-9CDF-EC4926739E40}
	EndGlobalSection
EndGlobal
